// !$*UTF8*$!
{
	archiveVersion = 1;
	classes = {
	};
	objectVersion = 56;
	objects = {

/* Begin PBXBuildFile section */
		17132D862D3DE1F000C69081 /* ITSwitch.m in Sources */ = {isa = PBXBuildFile; fileRef = 17132D852D3DE1F000C69081 /* ITSwitch.m */; };
		17132DA82D3DFED800C69081 /* AMPLicenseController.m in Sources */ = {isa = PBXBuildFile; fileRef = 17132DA72D3DFED800C69081 /* AMPLicenseController.m */; };
		17132DA92D3E06B800C69081 /* ServiceManagement.framework in Frameworks */ = {isa = PBXBuildFile; fileRef = 17CC20F62D38B3C4002545D3 /* ServiceManagement.framework */; };
		175218D32D3EB997003DBF85 /* AMPTextFieldCell.m in Sources */ = {isa = PBXBuildFile; fileRef = 175218D22D3EB997003DBF85 /* AMPTextFieldCell.m */; };
		175218D62D3EBA8C003DBF85 /* AMPPowerCondition.m in Sources */ = {isa = PBXBuildFile; fileRef = 175218D52D3EBA8C003DBF85 /* AMPPowerCondition.m */; };
		1798E5F72D376C2E00FC230A /* AppDelegate.m in Sources */ = {isa = PBXBuildFile; fileRef = 1798E5F62D376C2E00FC230A /* AppDelegate.m */; };
		1798E5FC2D376C2F00FC230A /* Assets.xcassets in Resources */ = {isa = PBXBuildFile; fileRef = 1798E5FB2D376C2F00FC230A /* Assets.xcassets */; };
		1798E6012D376C2F00FC230A /* main.m in Sources */ = {isa = PBXBuildFile; fileRef = 1798E6002D376C2F00FC230A /* main.m */; };
		1798E60E2D376C8E00FC230A /* MainMenu.xib in Resources */ = {isa = PBXBuildFile; fileRef = 1798E60B2D376C8E00FC230A /* MainMenu.xib */; };
		179C03372D3DB6CB00D77B07 /* AppDelegate.m in Sources */ = {isa = PBXBuildFile; fileRef = 179C03362D3DB6CB00D77B07 /* AppDelegate.m */; };
		179C033A2D3DB6CB00D77B07 /* AMPViewController.m in Sources */ = {isa = PBXBuildFile; fileRef = 179C03392D3DB6CB00D77B07 /* AMPViewController.m */; };
		179C033C2D3DB6CB00D77B07 /* Assets.xcassets in Resources */ = {isa = PBXBuildFile; fileRef = 179C033B2D3DB6CB00D77B07 /* Assets.xcassets */; };
		179C033F2D3DB6CC00D77B07 /* Main.storyboard in Resources */ = {isa = PBXBuildFile; fileRef = 179C033D2D3DB6CB00D77B07 /* Main.storyboard */; };
		179C03412D3DB6CC00D77B07 /* main.m in Sources */ = {isa = PBXBuildFile; fileRef = 179C03402D3DB6CC00D77B07 /* main.m */; };
		179C034A2D3DB7DC00D77B07 /* AmpereSettings.app in Resources */ = {isa = PBXBuildFile; fileRef = 179C03332D3DB6CB00D77B07 /* AmpereSettings.app */; };
		179C034D2D3DBDC500D77B07 /* AMPWindowController.m in Sources */ = {isa = PBXBuildFile; fileRef = 179C034C2D3DBDC500D77B07 /* AMPWindowController.m */; };
		17ACB2082D3C6C8100642D49 /* batteryProperties.txt in Resources */ = {isa = PBXBuildFile; fileRef = 17ACB2072D3C6C8100642D49 /* batteryProperties.txt */; };
		17CC20F72D38B3C4002545D3 /* ServiceManagement.framework in Frameworks */ = {isa = PBXBuildFile; fileRef = 17CC20F62D38B3C4002545D3 /* ServiceManagement.framework */; };
/* End PBXBuildFile section */

/* Begin PBXContainerItemProxy section */
		179C03482D3DB7CB00D77B07 /* PBXContainerItemProxy */ = {
			isa = PBXContainerItemProxy;
			containerPortal = 1798E5EA2D376C2E00FC230A /* Project object */;
			proxyType = 1;
			remoteGlobalIDString = 179C03322D3DB6CB00D77B07;
			remoteInfo = AmpereSettings;
		};
/* End PBXContainerItemProxy section */

/* Begin PBXFileReference section */
		17132D812D3DE0BE00C69081 /* QuartzCore.framework */ = {isa = PBXFileReference; lastKnownFileType = wrapper.framework; name = QuartzCore.framework; path = System/Library/Frameworks/QuartzCore.framework; sourceTree = SDKROOT; };
		17132D842D3DE1F000C69081 /* ITSwitch.h */ = {isa = PBXFileReference; fileEncoding = 4; lastKnownFileType = sourcecode.c.h; path = ITSwitch.h; sourceTree = "<group>"; };
		17132D852D3DE1F000C69081 /* ITSwitch.m */ = {isa = PBXFileReference; fileEncoding = 4; lastKnownFileType = sourcecode.c.objc; path = ITSwitch.m; sourceTree = "<group>"; };
		17132DA62D3DFED800C69081 /* AMPLicenseController.h */ = {isa = PBXFileReference; lastKnownFileType = sourcecode.c.h; path = AMPLicenseController.h; sourceTree = "<group>"; };
		17132DA72D3DFED800C69081 /* AMPLicenseController.m */ = {isa = PBXFileReference; lastKnownFileType = sourcecode.c.objc; path = AMPLicenseController.m; sourceTree = "<group>"; };
		175218D12D3EB997003DBF85 /* AMPTextFieldCell.h */ = {isa = PBXFileReference; lastKnownFileType = sourcecode.c.h; path = AMPTextFieldCell.h; sourceTree = "<group>"; };
		175218D22D3EB997003DBF85 /* AMPTextFieldCell.m */ = {isa = PBXFileReference; lastKnownFileType = sourcecode.c.objc; path = AMPTextFieldCell.m; sourceTree = "<group>"; };
		175218D42D3EBA61003DBF85 /* AMPPowerCondition.h */ = {isa = PBXFileReference; lastKnownFileType = sourcecode.c.h; path = AMPPowerCondition.h; sourceTree = "<group>"; };
		175218D52D3EBA8C003DBF85 /* AMPPowerCondition.m */ = {isa = PBXFileReference; lastKnownFileType = sourcecode.c.objc; path = AMPPowerCondition.m; sourceTree = "<group>"; };
		1798E5F22D376C2E00FC230A /* Ampere.app */ = {isa = PBXFileReference; explicitFileType = wrapper.application; includeInIndex = 0; path = Ampere.app; sourceTree = BUILT_PRODUCTS_DIR; };
		1798E5F52D376C2E00FC230A /* AppDelegate.h */ = {isa = PBXFileReference; lastKnownFileType = sourcecode.c.h; path = AppDelegate.h; sourceTree = "<group>"; };
		1798E5F62D376C2E00FC230A /* AppDelegate.m */ = {isa = PBXFileReference; lastKnownFileType = sourcecode.c.objc; path = AppDelegate.m; sourceTree = "<group>"; };
		1798E5FB2D376C2F00FC230A /* Assets.xcassets */ = {isa = PBXFileReference; lastKnownFileType = folder.assetcatalog; path = Assets.xcassets; sourceTree = "<group>"; };
		1798E6002D376C2F00FC230A /* main.m */ = {isa = PBXFileReference; lastKnownFileType = sourcecode.c.objc; path = main.m; sourceTree = "<group>"; };
		1798E6022D376C2F00FC230A /* Ampere.entitlements */ = {isa = PBXFileReference; lastKnownFileType = text.plist.entitlements; path = Ampere.entitlements; sourceTree = "<group>"; };
		1798E60B2D376C8E00FC230A /* MainMenu.xib */ = {isa = PBXFileReference; fileEncoding = 4; lastKnownFileType = file.xib; path = MainMenu.xib; sourceTree = "<group>"; };
		179C03332D3DB6CB00D77B07 /* AmpereSettings.app */ = {isa = PBXFileReference; explicitFileType = wrapper.application; includeInIndex = 0; path = AmpereSettings.app; sourceTree = BUILT_PRODUCTS_DIR; };
		179C03352D3DB6CB00D77B07 /* AppDelegate.h */ = {isa = PBXFileReference; lastKnownFileType = sourcecode.c.h; path = AppDelegate.h; sourceTree = "<group>"; };
		179C03362D3DB6CB00D77B07 /* AppDelegate.m */ = {isa = PBXFileReference; lastKnownFileType = sourcecode.c.objc; path = AppDelegate.m; sourceTree = "<group>"; };
		179C03382D3DB6CB00D77B07 /* AMPViewController.h */ = {isa = PBXFileReference; lastKnownFileType = sourcecode.c.h; path = AMPViewController.h; sourceTree = "<group>"; };
		179C03392D3DB6CB00D77B07 /* AMPViewController.m */ = {isa = PBXFileReference; lastKnownFileType = sourcecode.c.objc; path = AMPViewController.m; sourceTree = "<group>"; };
		179C033B2D3DB6CB00D77B07 /* Assets.xcassets */ = {isa = PBXFileReference; lastKnownFileType = folder.assetcatalog; path = Assets.xcassets; sourceTree = "<group>"; };
		179C033E2D3DB6CB00D77B07 /* Base */ = {isa = PBXFileReference; lastKnownFileType = file.storyboard; name = Base; path = Base.lproj/Main.storyboard; sourceTree = "<group>"; };
		179C03402D3DB6CC00D77B07 /* main.m */ = {isa = PBXFileReference; lastKnownFileType = sourcecode.c.objc; path = main.m; sourceTree = "<group>"; };
		179C03422D3DB6CC00D77B07 /* AmpereSettings.entitlements */ = {isa = PBXFileReference; lastKnownFileType = text.plist.entitlements; path = AmpereSettings.entitlements; sourceTree = "<group>"; };
		179C034B2D3DBDC500D77B07 /* AMPWindowController.h */ = {isa = PBXFileReference; lastKnownFileType = sourcecode.c.h; path = AMPWindowController.h; sourceTree = "<group>"; };
		179C034C2D3DBDC500D77B07 /* AMPWindowController.m */ = {isa = PBXFileReference; lastKnownFileType = sourcecode.c.objc; path = AMPWindowController.m; sourceTree = "<group>"; };
		17ACB2072D3C6C8100642D49 /* batteryProperties.txt */ = {isa = PBXFileReference; lastKnownFileType = text; path = batteryProperties.txt; sourceTree = "<group>"; };
		17CC20F62D38B3C4002545D3 /* ServiceManagement.framework */ = {isa = PBXFileReference; lastKnownFileType = wrapper.framework; name = ServiceManagement.framework; path = System/Library/Frameworks/ServiceManagement.framework; sourceTree = SDKROOT; };
/* End PBXFileReference section */

/* Begin PBXFrameworksBuildPhase section */
		1798E5EF2D376C2E00FC230A /* Frameworks */ = {
			isa = PBXFrameworksBuildPhase;
			buildActionMask = 2147483647;
			files = (
				17CC20F72D38B3C4002545D3 /* ServiceManagement.framework in Frameworks */,
			);
			runOnlyForDeploymentPostprocessing = 0;
		};
		179C03302D3DB6CB00D77B07 /* Frameworks */ = {
			isa = PBXFrameworksBuildPhase;
			buildActionMask = 2147483647;
			files = (
				17132DA92D3E06B800C69081 /* ServiceManagement.framework in Frameworks */,
			);
			runOnlyForDeploymentPostprocessing = 0;
		};
/* End PBXFrameworksBuildPhase section */

/* Begin PBXGroup section */
		175218D02D3EB978003DBF85 /* Classes */ = {
			isa = PBXGroup;
			children = (
				175218D12D3EB997003DBF85 /* AMPTextFieldCell.h */,
				175218D22D3EB997003DBF85 /* AMPTextFieldCell.m */,
				175218D42D3EBA61003DBF85 /* AMPPowerCondition.h */,
				175218D52D3EBA8C003DBF85 /* AMPPowerCondition.m */,
			);
			path = Classes;
			sourceTree = "<group>";
		};
		1798E5E92D376C2E00FC230A = {
			isa = PBXGroup;
			children = (
				1798E5F42D376C2E00FC230A /* Ampere */,
				179C03342D3DB6CB00D77B07 /* AmpereSettings */,
				1798E5F32D376C2E00FC230A /* Products */,
				17CC20F52D38B3C4002545D3 /* Frameworks */,
			);
			sourceTree = "<group>";
		};
		1798E5F32D376C2E00FC230A /* Products */ = {
			isa = PBXGroup;
			children = (
				1798E5F22D376C2E00FC230A /* Ampere.app */,
				179C03332D3DB6CB00D77B07 /* AmpereSettings.app */,
			);
			name = Products;
			sourceTree = "<group>";
		};
		1798E5F42D376C2E00FC230A /* Ampere */ = {
			isa = PBXGroup;
			children = (
				175218D02D3EB978003DBF85 /* Classes */,
				1798E5F52D376C2E00FC230A /* AppDelegate.h */,
				1798E5F62D376C2E00FC230A /* AppDelegate.m */,
				1798E5FB2D376C2F00FC230A /* Assets.xcassets */,
				1798E60B2D376C8E00FC230A /* MainMenu.xib */,
				1798E6002D376C2F00FC230A /* main.m */,
				1798E6022D376C2F00FC230A /* Ampere.entitlements */,
				17ACB2072D3C6C8100642D49 /* batteryProperties.txt */,
			);
			path = Ampere;
			sourceTree = "<group>";
		};
		179C03342D3DB6CB00D77B07 /* AmpereSettings */ = {
			isa = PBXGroup;
			children = (
				17132D842D3DE1F000C69081 /* ITSwitch.h */,
				17132D852D3DE1F000C69081 /* ITSwitch.m */,
				179C03352D3DB6CB00D77B07 /* AppDelegate.h */,
				179C03362D3DB6CB00D77B07 /* AppDelegate.m */,
				17132DA62D3DFED800C69081 /* AMPLicenseController.h */,
				17132DA72D3DFED800C69081 /* AMPLicenseController.m */,
				179C03382D3DB6CB00D77B07 /* AMPViewController.h */,
				179C03392D3DB6CB00D77B07 /* AMPViewController.m */,
				179C034B2D3DBDC500D77B07 /* AMPWindowController.h */,
				179C034C2D3DBDC500D77B07 /* AMPWindowController.m */,
				179C033B2D3DB6CB00D77B07 /* Assets.xcassets */,
				179C033D2D3DB6CB00D77B07 /* Main.storyboard */,
				179C03402D3DB6CC00D77B07 /* main.m */,
				179C03422D3DB6CC00D77B07 /* AmpereSettings.entitlements */,
			);
			path = AmpereSettings;
			sourceTree = "<group>";
		};
		17CC20F52D38B3C4002545D3 /* Frameworks */ = {
			isa = PBXGroup;
			children = (
				17132D812D3DE0BE00C69081 /* QuartzCore.framework */,
				17CC20F62D38B3C4002545D3 /* ServiceManagement.framework */,
			);
			name = Frameworks;
			sourceTree = "<group>";
		};
/* End PBXGroup section */

/* Begin PBXNativeTarget section */
		1798E5F12D376C2E00FC230A /* Ampere */ = {
			isa = PBXNativeTarget;
			buildConfigurationList = 1798E6052D376C2F00FC230A /* Build configuration list for PBXNativeTarget "Ampere" */;
			buildPhases = (
				1798E5EE2D376C2E00FC230A /* Sources */,
				1798E5EF2D376C2E00FC230A /* Frameworks */,
				1798E5F02D376C2E00FC230A /* Resources */,
				179C034F2D3DDAD100D77B07 /* ShellScript */,
			);
			buildRules = (
			);
			dependencies = (
				179C03492D3DB7CB00D77B07 /* PBXTargetDependency */,
			);
			name = Ampere;
			productName = Ampere;
			productReference = 1798E5F22D376C2E00FC230A /* Ampere.app */;
			productType = "com.apple.product-type.application";
		};
		179C03322D3DB6CB00D77B07 /* AmpereSettings */ = {
			isa = PBXNativeTarget;
			buildConfigurationList = 179C03432D3DB6CC00D77B07 /* Build configuration list for PBXNativeTarget "AmpereSettings" */;
			buildPhases = (
				179C032F2D3DB6CB00D77B07 /* Sources */,
				179C03302D3DB6CB00D77B07 /* Frameworks */,
				179C03312D3DB6CB00D77B07 /* Resources */,
			);
			buildRules = (
			);
			dependencies = (
			);
			name = AmpereSettings;
			productName = AmpereSettings;
			productReference = 179C03332D3DB6CB00D77B07 /* AmpereSettings.app */;
			productType = "com.apple.product-type.application";
		};
/* End PBXNativeTarget section */

/* Begin PBXProject section */
		1798E5EA2D376C2E00FC230A /* Project object */ = {
			isa = PBXProject;
			attributes = {
				BuildIndependentTargetsInParallel = 1;
				LastUpgradeCheck = 1430;
				TargetAttributes = {
					1798E5F12D376C2E00FC230A = {
						CreatedOnToolsVersion = 14.3.1;
					};
					179C03322D3DB6CB00D77B07 = {
						CreatedOnToolsVersion = 14.3.1;
					};
				};
			};
			buildConfigurationList = 1798E5ED2D376C2E00FC230A /* Build configuration list for PBXProject "Ampere" */;
			compatibilityVersion = "Xcode 14.0";
			developmentRegion = en;
			hasScannedForEncodings = 0;
			knownRegions = (
				en,
				Base,
			);
			mainGroup = 1798E5E92D376C2E00FC230A;
			productRefGroup = 1798E5F32D376C2E00FC230A /* Products */;
			projectDirPath = "";
			projectRoot = "";
			targets = (
				1798E5F12D376C2E00FC230A /* Ampere */,
				179C03322D3DB6CB00D77B07 /* AmpereSettings */,
			);
		};
/* End PBXProject section */

/* Begin PBXResourcesBuildPhase section */
		1798E5F02D376C2E00FC230A /* Resources */ = {
			isa = PBXResourcesBuildPhase;
			buildActionMask = 2147483647;
			files = (
				179C034A2D3DB7DC00D77B07 /* AmpereSettings.app in Resources */,
				17ACB2082D3C6C8100642D49 /* batteryProperties.txt in Resources */,
				1798E5FC2D376C2F00FC230A /* Assets.xcassets in Resources */,
				1798E60E2D376C8E00FC230A /* MainMenu.xib in Resources */,
			);
			runOnlyForDeploymentPostprocessing = 0;
		};
		179C03312D3DB6CB00D77B07 /* Resources */ = {
			isa = PBXResourcesBuildPhase;
			buildActionMask = 2147483647;
			files = (
				179C033C2D3DB6CB00D77B07 /* Assets.xcassets in Resources */,
				179C033F2D3DB6CC00D77B07 /* Main.storyboard in Resources */,
			);
			runOnlyForDeploymentPostprocessing = 0;
		};
/* End PBXResourcesBuildPhase section */

/* Begin PBXShellScriptBuildPhase section */
		179C034F2D3DDAD100D77B07 /* ShellScript */ = {
			isa = PBXShellScriptBuildPhase;
			buildActionMask = 2147483647;
			files = (
			);
			inputFileListPaths = (
			);
			inputPaths = (
			);
			outputFileListPaths = (
			);
			outputPaths = (
			);
			runOnlyForDeploymentPostprocessing = 0;
			shellPath = /bin/sh;
			shellScript = "killall AmpereSettings || true\n";
		};
/* End PBXShellScriptBuildPhase section */

/* Begin PBXSourcesBuildPhase section */
		1798E5EE2D376C2E00FC230A /* Sources */ = {
			isa = PBXSourcesBuildPhase;
			buildActionMask = 2147483647;
			files = (
				175218D62D3EBA8C003DBF85 /* AMPPowerCondition.m in Sources */,
				175218D32D3EB997003DBF85 /* AMPTextFieldCell.m in Sources */,
				1798E6012D376C2F00FC230A /* main.m in Sources */,
				1798E5F72D376C2E00FC230A /* AppDelegate.m in Sources */,
			);
			runOnlyForDeploymentPostprocessing = 0;
		};
		179C032F2D3DB6CB00D77B07 /* Sources */ = {
			isa = PBXSourcesBuildPhase;
			buildActionMask = 2147483647;
			files = (
				17132D862D3DE1F000C69081 /* ITSwitch.m in Sources */,
				179C033A2D3DB6CB00D77B07 /* AMPViewController.m in Sources */,
				17132DA82D3DFED800C69081 /* AMPLicenseController.m in Sources */,
				179C03412D3DB6CC00D77B07 /* main.m in Sources */,
				179C034D2D3DBDC500D77B07 /* AMPWindowController.m in Sources */,
				179C03372D3DB6CB00D77B07 /* AppDelegate.m in Sources */,
			);
			runOnlyForDeploymentPostprocessing = 0;
		};
/* End PBXSourcesBuildPhase section */

/* Begin PBXTargetDependency section */
		179C03492D3DB7CB00D77B07 /* PBXTargetDependency */ = {
			isa = PBXTargetDependency;
			target = 179C03322D3DB6CB00D77B07 /* AmpereSettings */;
			targetProxy = 179C03482D3DB7CB00D77B07 /* PBXContainerItemProxy */;
		};
/* End PBXTargetDependency section */

/* Begin PBXVariantGroup section */
		179C033D2D3DB6CB00D77B07 /* Main.storyboard */ = {
			isa = PBXVariantGroup;
			children = (
				179C033E2D3DB6CB00D77B07 /* Base */,
			);
			name = Main.storyboard;
			sourceTree = "<group>";
		};
/* End PBXVariantGroup section */

/* Begin XCBuildConfiguration section */
		1798E6032D376C2F00FC230A /* Debug */ = {
			isa = XCBuildConfiguration;
			buildSettings = {
				ALWAYS_SEARCH_USER_PATHS = NO;
				ARCHS = (
					"$(ARCHS_STANDARD)",
					arm64e,
				);
				CLANG_ANALYZER_NONNULL = YES;
				CLANG_ANALYZER_NUMBER_OBJECT_CONVERSION = YES_AGGRESSIVE;
				CLANG_CXX_LANGUAGE_STANDARD = "gnu++20";
				CLANG_ENABLE_MODULES = YES;
				CLANG_ENABLE_OBJC_ARC = YES;
				CLANG_ENABLE_OBJC_WEAK = YES;
				CLANG_WARN_BLOCK_CAPTURE_AUTORELEASING = YES;
				CLANG_WARN_BOOL_CONVERSION = YES;
				CLANG_WARN_COMMA = YES;
				CLANG_WARN_CONSTANT_CONVERSION = YES;
				CLANG_WARN_DEPRECATED_OBJC_IMPLEMENTATIONS = YES;
				CLANG_WARN_DIRECT_OBJC_ISA_USAGE = YES_ERROR;
				CLANG_WARN_DOCUMENTATION_COMMENTS = YES;
				CLANG_WARN_EMPTY_BODY = YES;
				CLANG_WARN_ENUM_CONVERSION = YES;
				CLANG_WARN_INFINITE_RECURSION = YES;
				CLANG_WARN_INT_CONVERSION = YES;
				CLANG_WARN_NON_LITERAL_NULL_CONVERSION = YES;
				CLANG_WARN_OBJC_IMPLICIT_RETAIN_SELF = YES;
				CLANG_WARN_OBJC_LITERAL_CONVERSION = YES;
				CLANG_WARN_OBJC_ROOT_CLASS = YES_ERROR;
				CLANG_WARN_QUOTED_INCLUDE_IN_FRAMEWORK_HEADER = YES;
				CLANG_WARN_RANGE_LOOP_ANALYSIS = YES;
				CLANG_WARN_STRICT_PROTOTYPES = YES;
				CLANG_WARN_SUSPICIOUS_MOVE = YES;
				CLANG_WARN_UNGUARDED_AVAILABILITY = YES_AGGRESSIVE;
				CLANG_WARN_UNREACHABLE_CODE = YES;
				CLANG_WARN__DUPLICATE_METHOD_MATCH = YES;
				COPY_PHASE_STRIP = NO;
				DEBUG_INFORMATION_FORMAT = dwarf;
				ENABLE_STRICT_OBJC_MSGSEND = YES;
				ENABLE_TESTABILITY = YES;
				GCC_C_LANGUAGE_STANDARD = gnu11;
				GCC_DYNAMIC_NO_PIC = NO;
				GCC_NO_COMMON_BLOCKS = YES;
				GCC_OPTIMIZATION_LEVEL = 0;
				GCC_PREPROCESSOR_DEFINITIONS = (
					"DEBUG=1",
					"$(inherited)",
				);
				GCC_WARN_64_TO_32_BIT_CONVERSION = YES;
				GCC_WARN_ABOUT_RETURN_TYPE = YES_ERROR;
				GCC_WARN_UNDECLARED_SELECTOR = YES;
				GCC_WARN_UNINITIALIZED_AUTOS = YES_AGGRESSIVE;
				GCC_WARN_UNUSED_FUNCTION = YES;
				GCC_WARN_UNUSED_VARIABLE = YES;
				MACOSX_DEPLOYMENT_TARGET = 13.3;
				MTL_ENABLE_DEBUG_INFO = INCLUDE_SOURCE;
				MTL_FAST_MATH = YES;
				ONLY_ACTIVE_ARCH = NO;
				SDKROOT = macosx;
			};
			name = Debug;
		};
		1798E6042D376C2F00FC230A /* Release */ = {
			isa = XCBuildConfiguration;
			buildSettings = {
				ALWAYS_SEARCH_USER_PATHS = NO;
				ARCHS = (
					"$(ARCHS_STANDARD)",
					arm64e,
				);
				CLANG_ANALYZER_NONNULL = YES;
				CLANG_ANALYZER_NUMBER_OBJECT_CONVERSION = YES_AGGRESSIVE;
				CLANG_CXX_LANGUAGE_STANDARD = "gnu++20";
				CLANG_ENABLE_MODULES = YES;
				CLANG_ENABLE_OBJC_ARC = YES;
				CLANG_ENABLE_OBJC_WEAK = YES;
				CLANG_WARN_BLOCK_CAPTURE_AUTORELEASING = YES;
				CLANG_WARN_BOOL_CONVERSION = YES;
				CLANG_WARN_COMMA = YES;
				CLANG_WARN_CONSTANT_CONVERSION = YES;
				CLANG_WARN_DEPRECATED_OBJC_IMPLEMENTATIONS = YES;
				CLANG_WARN_DIRECT_OBJC_ISA_USAGE = YES_ERROR;
				CLANG_WARN_DOCUMENTATION_COMMENTS = YES;
				CLANG_WARN_EMPTY_BODY = YES;
				CLANG_WARN_ENUM_CONVERSION = YES;
				CLANG_WARN_INFINITE_RECURSION = YES;
				CLANG_WARN_INT_CONVERSION = YES;
				CLANG_WARN_NON_LITERAL_NULL_CONVERSION = YES;
				CLANG_WARN_OBJC_IMPLICIT_RETAIN_SELF = YES;
				CLANG_WARN_OBJC_LITERAL_CONVERSION = YES;
				CLANG_WARN_OBJC_ROOT_CLASS = YES_ERROR;
				CLANG_WARN_QUOTED_INCLUDE_IN_FRAMEWORK_HEADER = YES;
				CLANG_WARN_RANGE_LOOP_ANALYSIS = YES;
				CLANG_WARN_STRICT_PROTOTYPES = YES;
				CLANG_WARN_SUSPICIOUS_MOVE = YES;
				CLANG_WARN_UNGUARDED_AVAILABILITY = YES_AGGRESSIVE;
				CLANG_WARN_UNREACHABLE_CODE = YES;
				CLANG_WARN__DUPLICATE_METHOD_MATCH = YES;
				COPY_PHASE_STRIP = NO;
				DEBUG_INFORMATION_FORMAT = "dwarf-with-dsym";
				ENABLE_NS_ASSERTIONS = NO;
				ENABLE_STRICT_OBJC_MSGSEND = YES;
				GCC_C_LANGUAGE_STANDARD = gnu11;
				GCC_NO_COMMON_BLOCKS = YES;
				GCC_WARN_64_TO_32_BIT_CONVERSION = YES;
				GCC_WARN_ABOUT_RETURN_TYPE = YES_ERROR;
				GCC_WARN_UNDECLARED_SELECTOR = YES;
				GCC_WARN_UNINITIALIZED_AUTOS = YES_AGGRESSIVE;
				GCC_WARN_UNUSED_FUNCTION = YES;
				GCC_WARN_UNUSED_VARIABLE = YES;
				MACOSX_DEPLOYMENT_TARGET = 13.3;
				MTL_ENABLE_DEBUG_INFO = NO;
				MTL_FAST_MATH = YES;
				SDKROOT = macosx;
			};
			name = Release;
		};
		1798E6062D376C2F00FC230A /* Debug */ = {
			isa = XCBuildConfiguration;
			buildSettings = {
				ARCHS = (
					"$(ARCHS_STANDARD)",
					arm64e,
				);
				ASSETCATALOG_COMPILER_APPICON_NAME = AppIcon;
				ASSETCATALOG_COMPILER_GLOBAL_ACCENT_COLOR_NAME = AccentColor;
				CODE_SIGN_ENTITLEMENTS = Ampere/Ampere.entitlements;
				CODE_SIGN_STYLE = Automatic;
				COMBINE_HIDPI_IMAGES = YES;
				CURRENT_PROJECT_VERSION = 1;
				DEVELOPMENT_TEAM = 7ML54VJYG9;
				ENABLE_HARDENED_RUNTIME = NO;
				GENERATE_INFOPLIST_FILE = YES;
				INFOPLIST_KEY_CFBundleDisplayName = Ampere;
				INFOPLIST_KEY_LSApplicationCategoryType = "public.app-category.utilities";
				INFOPLIST_KEY_LSUIElement = YES;
				INFOPLIST_KEY_NSHumanReadableCopyright = "2025 © D.F (MTAC)";
				INFOPLIST_KEY_NSMainNibFile = MainMenu;
				INFOPLIST_KEY_NSMainStoryboardFile = "";
				INFOPLIST_KEY_NSPrincipalClass = NSApplication;
				LD_RUNPATH_SEARCH_PATHS = (
					"$(inherited)",
					"@executable_path/../Frameworks",
				);
				MACOSX_DEPLOYMENT_TARGET = 12.0;
				MARKETING_VERSION = 1.2;
				PRODUCT_BUNDLE_IDENTIFIER = com.mtac.ampere;
				PRODUCT_NAME = "$(TARGET_NAME)";
				SWIFT_EMIT_LOC_STRINGS = YES;
			};
			name = Debug;
		};
		1798E6072D376C2F00FC230A /* Release */ = {
			isa = XCBuildConfiguration;
			buildSettings = {
				ARCHS = (
					"$(ARCHS_STANDARD)",
					arm64e,
				);
				ASSETCATALOG_COMPILER_APPICON_NAME = AppIcon;
				ASSETCATALOG_COMPILER_GLOBAL_ACCENT_COLOR_NAME = AccentColor;
				CODE_SIGN_ENTITLEMENTS = Ampere/Ampere.entitlements;
				CODE_SIGN_STYLE = Automatic;
				COMBINE_HIDPI_IMAGES = YES;
				CURRENT_PROJECT_VERSION = 1;
				DEVELOPMENT_TEAM = 7ML54VJYG9;
				ENABLE_HARDENED_RUNTIME = NO;
				GENERATE_INFOPLIST_FILE = YES;
				INFOPLIST_KEY_CFBundleDisplayName = Ampere;
				INFOPLIST_KEY_LSApplicationCategoryType = "public.app-category.utilities";
				INFOPLIST_KEY_LSUIElement = YES;
				INFOPLIST_KEY_NSHumanReadableCopyright = "2025 © D.F (MTAC)";
				INFOPLIST_KEY_NSMainNibFile = MainMenu;
				INFOPLIST_KEY_NSMainStoryboardFile = "";
				INFOPLIST_KEY_NSPrincipalClass = NSApplication;
				LD_RUNPATH_SEARCH_PATHS = (
					"$(inherited)",
					"@executable_path/../Frameworks",
				);
				MACOSX_DEPLOYMENT_TARGET = 12.0;
				MARKETING_VERSION = 1.2;
				PRODUCT_BUNDLE_IDENTIFIER = com.mtac.ampere;
				PRODUCT_NAME = "$(TARGET_NAME)";
				SWIFT_EMIT_LOC_STRINGS = YES;
			};
			name = Release;
		};
		179C03442D3DB6CC00D77B07 /* Debug */ = {
			isa = XCBuildConfiguration;
			buildSettings = {
				ASSETCATALOG_COMPILER_APPICON_NAME = AppIcon;
				ASSETCATALOG_COMPILER_GLOBAL_ACCENT_COLOR_NAME = AccentColor;
				CODE_SIGN_ENTITLEMENTS = AmpereSettings/AmpereSettings.entitlements;
				CODE_SIGN_IDENTITY = "Apple Development";
				"CODE_SIGN_IDENTITY[sdk=macosx*]" = "Apple Development";
				CODE_SIGN_STYLE = Automatic;
				COMBINE_HIDPI_IMAGES = YES;
				CURRENT_PROJECT_VERSION = 1;
				DEVELOPMENT_TEAM = 7ML54VJYG9;
				ENABLE_HARDENED_RUNTIME = NO;
				GENERATE_INFOPLIST_FILE = YES;
				INFOPLIST_KEY_CFBundleDisplayName = Ampere;
				INFOPLIST_KEY_NSHumanReadableCopyright = "";
				INFOPLIST_KEY_NSMainStoryboardFile = Main;
				INFOPLIST_KEY_NSPrincipalClass = NSApplication;
				LD_RUNPATH_SEARCH_PATHS = (
					"$(inherited)",
					"@executable_path/../Frameworks",
				);
				MACOSX_DEPLOYMENT_TARGET = 12.0;
				MARKETING_VERSION = 1.2;
				ONLY_ACTIVE_ARCH = NO;
				PRODUCT_BUNDLE_IDENTIFIER = com.mtac.ampere.settings;
				PRODUCT_NAME = "$(TARGET_NAME)";
				PROVISIONING_PROFILE_SPECIFIER = "";
				SWIFT_EMIT_LOC_STRINGS = YES;
			};
			name = Debug;
		};
		179C03452D3DB6CC00D77B07 /* Release */ = {
			isa = XCBuildConfiguration;
			buildSettings = {
				ASSETCATALOG_COMPILER_APPICON_NAME = AppIcon;
				ASSETCATALOG_COMPILER_GLOBAL_ACCENT_COLOR_NAME = AccentColor;
				CODE_SIGN_ENTITLEMENTS = AmpereSettings/AmpereSettings.entitlements;
				CODE_SIGN_IDENTITY = "Apple Development";
				"CODE_SIGN_IDENTITY[sdk=macosx*]" = "Apple Development";
				CODE_SIGN_STYLE = Automatic;
				COMBINE_HIDPI_IMAGES = YES;
				CURRENT_PROJECT_VERSION = 1;
				DEVELOPMENT_TEAM = 7ML54VJYG9;
				ENABLE_HARDENED_RUNTIME = NO;
				GENERATE_INFOPLIST_FILE = YES;
				INFOPLIST_KEY_CFBundleDisplayName = Ampere;
				INFOPLIST_KEY_NSHumanReadableCopyright = "";
				INFOPLIST_KEY_NSMainStoryboardFile = Main;
				INFOPLIST_KEY_NSPrincipalClass = NSApplication;
				LD_RUNPATH_SEARCH_PATHS = (
					"$(inherited)",
					"@executable_path/../Frameworks",
				);
				MACOSX_DEPLOYMENT_TARGET = 12.0;
				MARKETING_VERSION = 1.2;
				PRODUCT_BUNDLE_IDENTIFIER = com.mtac.ampere.settings;
				PRODUCT_NAME = "$(TARGET_NAME)";
				PROVISIONING_PROFILE_SPECIFIER = "";
				SWIFT_EMIT_LOC_STRINGS = YES;
			};
			name = Release;
		};
/* End XCBuildConfiguration section */

/* Begin XCConfigurationList section */
		1798E5ED2D376C2E00FC230A /* Build configuration list for PBXProject "Ampere" */ = {
			isa = XCConfigurationList;
			buildConfigurations = (
				1798E6032D376C2F00FC230A /* Debug */,
				1798E6042D376C2F00FC230A /* Release */,
			);
			defaultConfigurationIsVisible = 0;
			defaultConfigurationName = Release;
		};
		1798E6052D376C2F00FC230A /* Build configuration list for PBXNativeTarget "Ampere" */ = {
			isa = XCConfigurationList;
			buildConfigurations = (
				1798E6062D376C2F00FC230A /* Debug */,
				1798E6072D376C2F00FC230A /* Release */,
			);
			defaultConfigurationIsVisible = 0;
			defaultConfigurationName = Release;
		};
		179C03432D3DB6CC00D77B07 /* Build configuration list for PBXNativeTarget "AmpereSettings" */ = {
			isa = XCConfigurationList;
			buildConfigurations = (
				179C03442D3DB6CC00D77B07 /* Debug */,
				179C03452D3DB6CC00D77B07 /* Release */,
			);
			defaultConfigurationIsVisible = 0;
			defaultConfigurationName = Release;
		};
/* End XCConfigurationList section */
	};
	rootObject = 1798E5EA2D376C2E00FC230A /* Project object */;
}
